
Microsoft Visual Studio Solution File, Format Version 12.00
# Visual Studio Version 17
VisualStudioVersion = 17.2.32516.85
MinimumVisualStudioVersion = 10.0.40219.1
Project("{FAE04EC0-301F-11D3-BF4B-00C04F79EFBC}") = "Exercicio_Banco", "Exercicio_Banco\Exercicio_Banco.csproj", "{F1EF22D3-8A45-426E-95AB-8F6E34771022}"
EndProject
Global
	GlobalSection(SolutionConfigurationPlatforms) = preSolution
		Debug|Any CPU = Debug|Any CPU
		Release|Any CPU = Release|Any CPU
	EndGlobalSection
	GlobalSection(ProjectConfigurationPlatforms) = postSolution
		{F1EF22D3-8A45-426E-95AB-8F6E34771022}.Debug|Any CPU.ActiveCfg = Debug|Any CPU
		{F1EF22D3-8A45-426E-95AB-8F6E34771022}.Debug|Any CPU.Build.0 = Debug|Any CPU
		{F1EF22D3-8A45-426E-95AB-8F6E34771022}.Release|Any CPU.ActiveCfg = Release|Any CPU
		{F1EF22D3-8A45-426E-95AB-8F6E34771022}.Release|Any CPU.Build.0 = Release|Any CPU
	EndGlobalSection
	GlobalSection(SolutionProperties) = preSolution
		HideSolutionNode = FALSE
	EndGlobalSection
	GlobalSection(ExtensibilityGlobals) = postSolution
		SolutionGuid = {8B766C93-57C2-4C48-83C3-C64EC01452C8}
	EndGlobalSection
EndGlobal
